// !$*UTF8*$!
{
	archiveVersion = 1;
	classes = {
	};
	objectVersion = 50;
	objects = {

/* Begin PBXBuildFile section */
		22ADED24242B2ADD004A7854 /* TOTestPageView.m in Sources */ = {isa = PBXBuildFile; fileRef = 22ADED23242B2ADD004A7854 /* TOTestPageView.m */; };
		22C31620242899AA0063F6A6 /* TOAppDelegate.m in Sources */ = {isa = PBXBuildFile; fileRef = 22C3161F242899AA0063F6A6 /* TOAppDelegate.m */; };
		22C31626242899AA0063F6A6 /* TOViewController.m in Sources */ = {isa = PBXBuildFile; fileRef = 22C31625242899AA0063F6A6 /* TOViewController.m */; };
		22C3162E242899AB0063F6A6 /* LaunchScreen.storyboard in Resources */ = {isa = PBXBuildFile; fileRef = 22C3162C242899AB0063F6A6 /* LaunchScreen.storyboard */; };
		22C31631242899AB0063F6A6 /* main.m in Sources */ = {isa = PBXBuildFile; fileRef = 22C31630242899AB0063F6A6 /* main.m */; };
		22C3163B242899AB0063F6A6 /* TODynamicPageViewTests.m in Sources */ = {isa = PBXBuildFile; fileRef = 22C3163A242899AB0063F6A6 /* TODynamicPageViewTests.m */; };
		22C3167F242A40F80063F6A6 /* TODynamicPagingView.m in Sources */ = {isa = PBXBuildFile; fileRef = 22C3167E242A40F80063F6A6 /* TODynamicPagingView.m */; };
/* End PBXBuildFile section */

/* Begin PBXContainerItemProxy section */
		22C31637242899AB0063F6A6 /* PBXContainerItemProxy */ = {
			isa = PBXContainerItemProxy;
			containerPortal = 22C31613242899AA0063F6A6 /* Project object */;
			proxyType = 1;
			remoteGlobalIDString = 22C3161A242899AA0063F6A6;
			remoteInfo = TODynamicPageView;
		};
/* End PBXContainerItemProxy section */

/* Begin PBXFileReference section */
		22ACEAD9242C5A8F0071346F /* RevealServer.framework */ = {isa = PBXFileReference; lastKnownFileType = wrapper.framework; path = RevealServer.framework; sourceTree = SOURCE_ROOT; };
		22ADED22242B2ADD004A7854 /* TOTestPageView.h */ = {isa = PBXFileReference; lastKnownFileType = sourcecode.c.h; path = TOTestPageView.h; sourceTree = "<group>"; };
		22ADED23242B2ADD004A7854 /* TOTestPageView.m */ = {isa = PBXFileReference; lastKnownFileType = sourcecode.c.objc; path = TOTestPageView.m; sourceTree = "<group>"; };
		22C3161B242899AA0063F6A6 /* TODynamicPagingViewExample.app */ = {isa = PBXFileReference; explicitFileType = wrapper.application; includeInIndex = 0; path = TODynamicPagingViewExample.app; sourceTree = BUILT_PRODUCTS_DIR; };
		22C3161E242899AA0063F6A6 /* TOAppDelegate.h */ = {isa = PBXFileReference; lastKnownFileType = sourcecode.c.h; path = TOAppDelegate.h; sourceTree = "<group>"; };
		22C3161F242899AA0063F6A6 /* TOAppDelegate.m */ = {isa = PBXFileReference; lastKnownFileType = sourcecode.c.objc; path = TOAppDelegate.m; sourceTree = "<group>"; };
		22C31624242899AA0063F6A6 /* TOViewController.h */ = {isa = PBXFileReference; lastKnownFileType = sourcecode.c.h; path = TOViewController.h; sourceTree = "<group>"; };
		22C31625242899AA0063F6A6 /* TOViewController.m */ = {isa = PBXFileReference; lastKnownFileType = sourcecode.c.objc; path = TOViewController.m; sourceTree = "<group>"; };
		22C3162D242899AB0063F6A6 /* Base */ = {isa = PBXFileReference; lastKnownFileType = file.storyboard; name = Base; path = Base.lproj/LaunchScreen.storyboard; sourceTree = "<group>"; };
		22C3162F242899AB0063F6A6 /* Info.plist */ = {isa = PBXFileReference; lastKnownFileType = text.plist.xml; path = Info.plist; sourceTree = "<group>"; };
		22C31630242899AB0063F6A6 /* main.m */ = {isa = PBXFileReference; lastKnownFileType = sourcecode.c.objc; path = main.m; sourceTree = "<group>"; };
		22C31636242899AB0063F6A6 /* TODynamicPagingViewTests.xctest */ = {isa = PBXFileReference; explicitFileType = wrapper.cfbundle; includeInIndex = 0; path = TODynamicPagingViewTests.xctest; sourceTree = BUILT_PRODUCTS_DIR; };
		22C3163A242899AB0063F6A6 /* TODynamicPageViewTests.m */ = {isa = PBXFileReference; lastKnownFileType = sourcecode.c.objc; path = TODynamicPageViewTests.m; sourceTree = "<group>"; };
		22C3163C242899AB0063F6A6 /* Info.plist */ = {isa = PBXFileReference; lastKnownFileType = text.plist.xml; path = Info.plist; sourceTree = "<group>"; };
		22C3167D242A40F80063F6A6 /* TODynamicPagingView.h */ = {isa = PBXFileReference; lastKnownFileType = sourcecode.c.h; path = TODynamicPagingView.h; sourceTree = "<group>"; };
		22C3167E242A40F80063F6A6 /* TODynamicPagingView.m */ = {isa = PBXFileReference; lastKnownFileType = sourcecode.c.objc; path = TODynamicPagingView.m; sourceTree = "<group>"; };
/* End PBXFileReference section */

/* Begin PBXFrameworksBuildPhase section */
		22C31618242899AA0063F6A6 /* Frameworks */ = {
			isa = PBXFrameworksBuildPhase;
			buildActionMask = 2147483647;
			files = (
			);
			runOnlyForDeploymentPostprocessing = 0;
		};
		22C31633242899AB0063F6A6 /* Frameworks */ = {
			isa = PBXFrameworksBuildPhase;
			buildActionMask = 2147483647;
			files = (
			);
			runOnlyForDeploymentPostprocessing = 0;
		};
/* End PBXFrameworksBuildPhase section */

/* Begin PBXGroup section */
		22C31612242899AA0063F6A6 = {
			isa = PBXGroup;
			children = (
				22C3167C242A3C460063F6A6 /* TODynamicPagingView */,
				22C3161D242899AA0063F6A6 /* TODynamicPagingViewExample */,
				22C31639242899AB0063F6A6 /* TODynamicPagingViewTests */,
				22C3161C242899AA0063F6A6 /* Products */,
				22ACEAD9242C5A8F0071346F /* RevealServer.framework */,
			);
			sourceTree = "<group>";
		};
		22C3161C242899AA0063F6A6 /* Products */ = {
			isa = PBXGroup;
			children = (
				22C3161B242899AA0063F6A6 /* TODynamicPagingViewExample.app */,
				22C31636242899AB0063F6A6 /* TODynamicPagingViewTests.xctest */,
			);
			name = Products;
			sourceTree = "<group>";
		};
		22C3161D242899AA0063F6A6 /* TODynamicPagingViewExample */ = {
			isa = PBXGroup;
			children = (
				22C3161E242899AA0063F6A6 /* TOAppDelegate.h */,
				22C3161F242899AA0063F6A6 /* TOAppDelegate.m */,
				22C31624242899AA0063F6A6 /* TOViewController.h */,
				22C31625242899AA0063F6A6 /* TOViewController.m */,
				22ADED22242B2ADD004A7854 /* TOTestPageView.h */,
				22ADED23242B2ADD004A7854 /* TOTestPageView.m */,
				22C3162C242899AB0063F6A6 /* LaunchScreen.storyboard */,
				22C3162F242899AB0063F6A6 /* Info.plist */,
				22C31630242899AB0063F6A6 /* main.m */,
			);
			path = TODynamicPagingViewExample;
			sourceTree = "<group>";
		};
		22C31639242899AB0063F6A6 /* TODynamicPagingViewTests */ = {
			isa = PBXGroup;
			children = (
				22C3163A242899AB0063F6A6 /* TODynamicPageViewTests.m */,
				22C3163C242899AB0063F6A6 /* Info.plist */,
			);
			path = TODynamicPagingViewTests;
			sourceTree = "<group>";
		};
		22C3167C242A3C460063F6A6 /* TODynamicPagingView */ = {
			isa = PBXGroup;
			children = (
				22C3167D242A40F80063F6A6 /* TODynamicPagingView.h */,
				22C3167E242A40F80063F6A6 /* TODynamicPagingView.m */,
			);
			path = TODynamicPagingView;
			sourceTree = "<group>";
		};
/* End PBXGroup section */

/* Begin PBXNativeTarget section */
		22C3161A242899AA0063F6A6 /* TODynamicPagingViewExample */ = {
			isa = PBXNativeTarget;
			buildConfigurationList = 22C3163F242899AB0063F6A6 /* Build configuration list for PBXNativeTarget "TODynamicPagingViewExample" */;
			buildPhases = (
				22C31617242899AA0063F6A6 /* Sources */,
				22C31618242899AA0063F6A6 /* Frameworks */,
				22C31619242899AA0063F6A6 /* Resources */,
				22ADED27242C587C004A7854 /* ShellScript */,
			);
			buildRules = (
			);
			dependencies = (
			);
			name = TODynamicPagingViewExample;
			productName = TODynamicPageView;
			productReference = 22C3161B242899AA0063F6A6 /* TODynamicPagingViewExample.app */;
			productType = "com.apple.product-type.application";
		};
		22C31635242899AB0063F6A6 /* TODynamicPagingViewTests */ = {
			isa = PBXNativeTarget;
			buildConfigurationList = 22C31642242899AB0063F6A6 /* Build configuration list for PBXNativeTarget "TODynamicPagingViewTests" */;
			buildPhases = (
				22C31632242899AB0063F6A6 /* Sources */,
				22C31633242899AB0063F6A6 /* Frameworks */,
				22C31634242899AB0063F6A6 /* Resources */,
			);
			buildRules = (
			);
			dependencies = (
				22C31638242899AB0063F6A6 /* PBXTargetDependency */,
			);
			name = TODynamicPagingViewTests;
			productName = TODynamicPageViewTests;
			productReference = 22C31636242899AB0063F6A6 /* TODynamicPagingViewTests.xctest */;
			productType = "com.apple.product-type.bundle.unit-test";
		};
/* End PBXNativeTarget section */

/* Begin PBXProject section */
		22C31613242899AA0063F6A6 /* Project object */ = {
			isa = PBXProject;
			attributes = {
				LastUpgradeCheck = 1130;
				ORGANIZATIONNAME = "Tim Oliver";
				TargetAttributes = {
					22C3161A242899AA0063F6A6 = {
						CreatedOnToolsVersion = 11.3.1;
					};
					22C31635242899AB0063F6A6 = {
						CreatedOnToolsVersion = 11.3.1;
						TestTargetID = 22C3161A242899AA0063F6A6;
					};
				};
			};
			buildConfigurationList = 22C31616242899AA0063F6A6 /* Build configuration list for PBXProject "TODynamicPagingView" */;
			compatibilityVersion = "Xcode 9.3";
			developmentRegion = en;
			hasScannedForEncodings = 0;
			knownRegions = (
				en,
				Base,
			);
			mainGroup = 22C31612242899AA0063F6A6;
			productRefGroup = 22C3161C242899AA0063F6A6 /* Products */;
			projectDirPath = "";
			projectRoot = "";
			targets = (
				22C3161A242899AA0063F6A6 /* TODynamicPagingViewExample */,
				22C31635242899AB0063F6A6 /* TODynamicPagingViewTests */,
			);
		};
/* End PBXProject section */

/* Begin PBXResourcesBuildPhase section */
		22C31619242899AA0063F6A6 /* Resources */ = {
			isa = PBXResourcesBuildPhase;
			buildActionMask = 2147483647;
			files = (
				22C3162E242899AB0063F6A6 /* LaunchScreen.storyboard in Resources */,
			);
			runOnlyForDeploymentPostprocessing = 0;
		};
		22C31634242899AB0063F6A6 /* Resources */ = {
			isa = PBXResourcesBuildPhase;
			buildActionMask = 2147483647;
			files = (
			);
			runOnlyForDeploymentPostprocessing = 0;
		};
/* End PBXResourcesBuildPhase section */

/* Begin PBXShellScriptBuildPhase section */
		22ADED27242C587C004A7854 /* ShellScript */ = {
			isa = PBXShellScriptBuildPhase;
			buildActionMask = 2147483647;
			files = (
			);
			inputFileListPaths = (
			);
			inputPaths = (
			);
			outputFileListPaths = (
			);
			outputPaths = (
			);
			runOnlyForDeploymentPostprocessing = 0;
			shellPath = /bin/sh;
			shellScript = "export REVEAL_SERVER_FILENAME=\"RevealServer.framework\"\n\n# Update this path to point to the location of RevealServer.framework in your project.\nexport REVEAL_SERVER_PATH=\"${SRCROOT}/${REVEAL_SERVER_FILENAME}\"\n\n# If configuration is not Debug, skip this script.\n[ \"${CONFIGURATION}\" != \"Debug\" ] && exit 0\n\n# If RevealServer.framework exists at the specified path, run code signing script.\nif [ -d \"${REVEAL_SERVER_PATH}\" ]; then\n  \"${REVEAL_SERVER_PATH}/Scripts/copy_and_codesign_revealserver.sh\"\nelse\n  echo \"Reveal Server not loaded: RevealServer.framework could not be found.\"\nfi\n";
		};
/* End PBXShellScriptBuildPhase section */

/* Begin PBXSourcesBuildPhase section */
		22C31617242899AA0063F6A6 /* Sources */ = {
			isa = PBXSourcesBuildPhase;
			buildActionMask = 2147483647;
			files = (
				22C31626242899AA0063F6A6 /* TOViewController.m in Sources */,
				22C31620242899AA0063F6A6 /* TOAppDelegate.m in Sources */,
				22ADED24242B2ADD004A7854 /* TOTestPageView.m in Sources */,
				22C3167F242A40F80063F6A6 /* TODynamicPagingView.m in Sources */,
				22C31631242899AB0063F6A6 /* main.m in Sources */,
			);
			runOnlyForDeploymentPostprocessing = 0;
		};
		22C31632242899AB0063F6A6 /* Sources */ = {
			isa = PBXSourcesBuildPhase;
			buildActionMask = 2147483647;
			files = (
				22C3163B242899AB0063F6A6 /* TODynamicPageViewTests.m in Sources */,
			);
			runOnlyForDeploymentPostprocessing = 0;
		};
/* End PBXSourcesBuildPhase section */

/* Begin PBXTargetDependency section */
		22C31638242899AB0063F6A6 /* PBXTargetDependency */ = {
			isa = PBXTargetDependency;
			target = 22C3161A242899AA0063F6A6 /* TODynamicPagingViewExample */;
			targetProxy = 22C31637242899AB0063F6A6 /* PBXContainerItemProxy */;
		};
/* End PBXTargetDependency section */

/* Begin PBXVariantGroup section */
		22C3162C242899AB0063F6A6 /* LaunchScreen.storyboard */ = {
			isa = PBXVariantGroup;
			children = (
				22C3162D242899AB0063F6A6 /* Base */,
			);
			name = LaunchScreen.storyboard;
			sourceTree = "<group>";
		};
/* End PBXVariantGroup section */

/* Begin XCBuildConfiguration section */
		22C3163D242899AB0063F6A6 /* Debug */ = {
			isa = XCBuildConfiguration;
			buildSettings = {
				ALWAYS_SEARCH_USER_PATHS = NO;
				CLANG_ANALYZER_NONNULL = YES;
				CLANG_ANALYZER_NUMBER_OBJECT_CONVERSION = YES_AGGRESSIVE;
				CLANG_CXX_LANGUAGE_STANDARD = "gnu++14";
				CLANG_CXX_LIBRARY = "libc++";
				CLANG_ENABLE_MODULES = YES;
				CLANG_ENABLE_OBJC_ARC = YES;
				CLANG_ENABLE_OBJC_WEAK = YES;
				CLANG_WARN_BLOCK_CAPTURE_AUTORELEASING = YES;
				CLANG_WARN_BOOL_CONVERSION = YES;
				CLANG_WARN_COMMA = YES;
				CLANG_WARN_CONSTANT_CONVERSION = YES;
				CLANG_WARN_DEPRECATED_OBJC_IMPLEMENTATIONS = YES;
				CLANG_WARN_DIRECT_OBJC_ISA_USAGE = YES_ERROR;
				CLANG_WARN_DOCUMENTATION_COMMENTS = YES;
				CLANG_WARN_EMPTY_BODY = YES;
				CLANG_WARN_ENUM_CONVERSION = YES;
				CLANG_WARN_INFINITE_RECURSION = YES;
				CLANG_WARN_INT_CONVERSION = YES;
				CLANG_WARN_NON_LITERAL_NULL_CONVERSION = YES;
				CLANG_WARN_OBJC_IMPLICIT_RETAIN_SELF = YES;
				CLANG_WARN_OBJC_LITERAL_CONVERSION = YES;
				CLANG_WARN_OBJC_ROOT_CLASS = YES_ERROR;
				CLANG_WARN_RANGE_LOOP_ANALYSIS = YES;
				CLANG_WARN_STRICT_PROTOTYPES = YES;
				CLANG_WARN_SUSPICIOUS_MOVE = YES;
				CLANG_WARN_UNGUARDED_AVAILABILITY = YES_AGGRESSIVE;
				CLANG_WARN_UNREACHABLE_CODE = YES;
				CLANG_WARN__DUPLICATE_METHOD_MATCH = YES;
				COPY_PHASE_STRIP = NO;
				DEBUG_INFORMATION_FORMAT = dwarf;
				ENABLE_STRICT_OBJC_MSGSEND = YES;
				ENABLE_TESTABILITY = YES;
				GCC_C_LANGUAGE_STANDARD = gnu11;
				GCC_DYNAMIC_NO_PIC = NO;
				GCC_NO_COMMON_BLOCKS = YES;
				GCC_OPTIMIZATION_LEVEL = 0;
				GCC_PREPROCESSOR_DEFINITIONS = (
					"DEBUG=1",
					"$(inherited)",
				);
				GCC_WARN_64_TO_32_BIT_CONVERSION = YES;
				GCC_WARN_ABOUT_RETURN_TYPE = YES_ERROR;
				GCC_WARN_UNDECLARED_SELECTOR = YES;
				GCC_WARN_UNINITIALIZED_AUTOS = YES_AGGRESSIVE;
				GCC_WARN_UNUSED_FUNCTION = YES;
				GCC_WARN_UNUSED_VARIABLE = YES;
				IPHONEOS_DEPLOYMENT_TARGET = 13.2;
				MTL_ENABLE_DEBUG_INFO = INCLUDE_SOURCE;
				MTL_FAST_MATH = YES;
				ONLY_ACTIVE_ARCH = YES;
				SDKROOT = iphoneos;
			};
			name = Debug;
		};
		22C3163E242899AB0063F6A6 /* Release */ = {
			isa = XCBuildConfiguration;
			buildSettings = {
				ALWAYS_SEARCH_USER_PATHS = NO;
				CLANG_ANALYZER_NONNULL = YES;
				CLANG_ANALYZER_NUMBER_OBJECT_CONVERSION = YES_AGGRESSIVE;
				CLANG_CXX_LANGUAGE_STANDARD = "gnu++14";
				CLANG_CXX_LIBRARY = "libc++";
				CLANG_ENABLE_MODULES = YES;
				CLANG_ENABLE_OBJC_ARC = YES;
				CLANG_ENABLE_OBJC_WEAK = YES;
				CLANG_WARN_BLOCK_CAPTURE_AUTORELEASING = YES;
				CLANG_WARN_BOOL_CONVERSION = YES;
				CLANG_WARN_COMMA = YES;
				CLANG_WARN_CONSTANT_CONVERSION = YES;
				CLANG_WARN_DEPRECATED_OBJC_IMPLEMENTATIONS = YES;
				CLANG_WARN_DIRECT_OBJC_ISA_USAGE = YES_ERROR;
				CLANG_WARN_DOCUMENTATION_COMMENTS = YES;
				CLANG_WARN_EMPTY_BODY = YES;
				CLANG_WARN_ENUM_CONVERSION = YES;
				CLANG_WARN_INFINITE_RECURSION = YES;
				CLANG_WARN_INT_CONVERSION = YES;
				CLANG_WARN_NON_LITERAL_NULL_CONVERSION = YES;
				CLANG_WARN_OBJC_IMPLICIT_RETAIN_SELF = YES;
				CLANG_WARN_OBJC_LITERAL_CONVERSION = YES;
				CLANG_WARN_OBJC_ROOT_CLASS = YES_ERROR;
				CLANG_WARN_RANGE_LOOP_ANALYSIS = YES;
				CLANG_WARN_STRICT_PROTOTYPES = YES;
				CLANG_WARN_SUSPICIOUS_MOVE = YES;
				CLANG_WARN_UNGUARDED_AVAILABILITY = YES_AGGRESSIVE;
				CLANG_WARN_UNREACHABLE_CODE = YES;
				CLANG_WARN__DUPLICATE_METHOD_MATCH = YES;
				COPY_PHASE_STRIP = NO;
				DEBUG_INFORMATION_FORMAT = "dwarf-with-dsym";
				ENABLE_NS_ASSERTIONS = NO;
				ENABLE_STRICT_OBJC_MSGSEND = YES;
				GCC_C_LANGUAGE_STANDARD = gnu11;
				GCC_NO_COMMON_BLOCKS = YES;
				GCC_WARN_64_TO_32_BIT_CONVERSION = YES;
				GCC_WARN_ABOUT_RETURN_TYPE = YES_ERROR;
				GCC_WARN_UNDECLARED_SELECTOR = YES;
				GCC_WARN_UNINITIALIZED_AUTOS = YES_AGGRESSIVE;
				GCC_WARN_UNUSED_FUNCTION = YES;
				GCC_WARN_UNUSED_VARIABLE = YES;
				IPHONEOS_DEPLOYMENT_TARGET = 13.2;
				MTL_ENABLE_DEBUG_INFO = NO;
				MTL_FAST_MATH = YES;
				SDKROOT = iphoneos;
				VALIDATE_PRODUCT = YES;
			};
			name = Release;
		};
		22C31640242899AB0063F6A6 /* Debug */ = {
			isa = XCBuildConfiguration;
			buildSettings = {
				ASSETCATALOG_COMPILER_APPICON_NAME = AppIcon;
				CODE_SIGN_STYLE = Automatic;
				DEVELOPMENT_TEAM = 6LF3GMKZAB;
				FRAMEWORK_SEARCH_PATHS = (
					"$(inherited)",
					"$(PROJECT_DIR)/TODynamicPagingViewExample",
					"$(SRCROOT)",
				);
				INFOPLIST_FILE = TODynamicPagingViewExample/Info.plist;
				IPHONEOS_DEPLOYMENT_TARGET = 8.0;
				LD_RUNPATH_SEARCH_PATHS = (
					"$(inherited)",
					"@executable_path/Frameworks",
				);
				PRODUCT_BUNDLE_IDENTIFIER = dev.tim.TODynamicPagingViewExample;
				PRODUCT_NAME = "$(TARGET_NAME)";
				SUPPORTS_MACCATALYST = YES;
				TARGETED_DEVICE_FAMILY = "1,2";
			};
			name = Debug;
		};
		22C31641242899AB0063F6A6 /* Release */ = {
			isa = XCBuildConfiguration;
			buildSettings = {
				ASSETCATALOG_COMPILER_APPICON_NAME = AppIcon;
				CODE_SIGN_STYLE = Automatic;
				DEVELOPMENT_TEAM = 6LF3GMKZAB;
				FRAMEWORK_SEARCH_PATHS = (
					"$(inherited)",
					"$(PROJECT_DIR)/TODynamicPagingViewExample",
					"$(SRCROOT)",
				);
				INFOPLIST_FILE = TODynamicPagingViewExample/Info.plist;
				IPHONEOS_DEPLOYMENT_TARGET = 8.0;
				LD_RUNPATH_SEARCH_PATHS = (
					"$(inherited)",
					"@executable_path/Frameworks",
				);
				PRODUCT_BUNDLE_IDENTIFIER = dev.tim.TODynamicPagingViewExample;
				PRODUCT_NAME = "$(TARGET_NAME)";
				SUPPORTS_MACCATALYST = YES;
				TARGETED_DEVICE_FAMILY = "1,2";
			};
			name = Release;
		};
		22C31643242899AB0063F6A6 /* Debug */ = {
			isa = XCBuildConfiguration;
			buildSettings = {
				BUNDLE_LOADER = "$(TEST_HOST)";
				CODE_SIGN_STYLE = Automatic;
				DEVELOPMENT_TEAM = 6LF3GMKZAB;
				INFOPLIST_FILE = TODynamicPagingViewTests/Info.plist;
				IPHONEOS_DEPLOYMENT_TARGET = 13.2;
				LD_RUNPATH_SEARCH_PATHS = (
					"$(inherited)",
					"@executable_path/Frameworks",
					"@loader_path/Frameworks",
				);
				PRODUCT_BUNDLE_IDENTIFIER = dev.tim.TODynamicPagingViewTests;
				PRODUCT_NAME = "$(TARGET_NAME)";
				TARGETED_DEVICE_FAMILY = "1,2";
				TEST_HOST = "$(BUILT_PRODUCTS_DIR)/TODynamicPagingView.app/TODynamicPagingView";
			};
			name = Debug;
		};
		22C31644242899AB0063F6A6 /* Release */ = {
			isa = XCBuildConfiguration;
			buildSettings = {
				BUNDLE_LOADER = "$(TEST_HOST)";
				CODE_SIGN_STYLE = Automatic;
				DEVELOPMENT_TEAM = 6LF3GMKZAB;
				INFOPLIST_FILE = TODynamicPagingViewTests/Info.plist;
				IPHONEOS_DEPLOYMENT_TARGET = 13.2;
				LD_RUNPATH_SEARCH_PATHS = (
					"$(inherited)",
					"@executable_path/Frameworks",
					"@loader_path/Frameworks",
				);
				PRODUCT_BUNDLE_IDENTIFIER = dev.tim.TODynamicPagingViewTests;
				PRODUCT_NAME = "$(TARGET_NAME)";
				TARGETED_DEVICE_FAMILY = "1,2";
				TEST_HOST = "$(BUILT_PRODUCTS_DIR)/TODynamicPagingView.app/TODynamicPagingView";
			};
			name = Release;
		};
/* End XCBuildConfiguration section */

/* Begin XCConfigurationList section */
		22C31616242899AA0063F6A6 /* Build configuration list for PBXProject "TODynamicPagingView" */ = {
			isa = XCConfigurationList;
			buildConfigurations = (
				22C3163D242899AB0063F6A6 /* Debug */,
				22C3163E242899AB0063F6A6 /* Release */,
			);
			defaultConfigurationIsVisible = 0;
			defaultConfigurationName = Release;
		};
		22C3163F242899AB0063F6A6 /* Build configuration list for PBXNativeTarget "TODynamicPagingViewExample" */ = {
			isa = XCConfigurationList;
			buildConfigurations = (
				22C31640242899AB0063F6A6 /* Debug */,
				22C31641242899AB0063F6A6 /* Release */,
			);
			defaultConfigurationIsVisible = 0;
			defaultConfigurationName = Release;
		};
		22C31642242899AB0063F6A6 /* Build configuration list for PBXNativeTarget "TODynamicPagingViewTests" */ = {
			isa = XCConfigurationList;
			buildConfigurations = (
				22C31643242899AB0063F6A6 /* Debug */,
				22C31644242899AB0063F6A6 /* Release */,
			);
			defaultConfigurationIsVisible = 0;
			defaultConfigurationName = Release;
		};
/* End XCConfigurationList section */
	};
	rootObject = 22C31613242899AA0063F6A6 /* Project object */;
}
